{
    "_meta": {
        "hash": {
            "sha256": "9a712013b5a258e60181f2fafe02ee477709961e1f3a576d81beb2e931982a5a"
        },
        "pipfile-spec": 6,
        "requires": {
            "python_version": "3.7"
        },
        "sources": [
            {
                "name": "pypi",
                "url": "https://pypi.org/simple",
                "verify_ssl": true
            }
        ]
    },
    "default": {
        "appdirs": {
            "hashes": [
                "sha256:7d5d0167b2b1ba821647616af46a749d1c653740dd0d2415100fe26e27afdf41",
                "sha256:a841dacd6b99318a741b166adb07e19ee71a274450e68237b4650ca1055ab128"
            ],
            "index": "pypi",
            "version": "==1.4.4"
        },
        "arabic-reshaper": {
            "hashes": [
                "sha256:cf318fa5d51d2d224fa49bf6bdbbb4684f6bd2c068b75cfce0e607f89ac199dc",
                "sha256:dc998b15f042a5d493926a07a76807279af1e029935f0eeecb33863382c0ee7b"
            ],
            "version": "==2.1.1"
        },
        "asgiref": {
            "hashes": [
                "sha256:7e51911ee147dd685c3c8b805c0ad0cb58d360987b56953878f8c06d2d1c6f1a",
                "sha256:9fc6fb5d39b8af147ba40765234fa822b39818b12cc80b35ad9b0cef3a476aed"
            ],
            "index": "pypi",
            "version": "==3.2.10"
        },
        "astroid": {
            "hashes": [
                "sha256:71ea07f44df9568a75d0f354c49143a4575d90645e9fead6dfb52c26a85ed13a",
                "sha256:840947ebfa8b58f318d42301cf8c0a20fd794a33b61cc4638e28e9e61ba32f42"
            ],
            "index": "pypi",
            "version": "==2.3.3"
        },
        "autopep8": {
            "hashes": [
                "sha256:0f592a0447acea0c2b0a9602be1e4e3d86db52badd2e3c84f0193bfd89fd3a43"
            ],
            "index": "pypi",
            "version": "==1.5"
        },
        "beautifulsoup4": {
            "hashes": [
                "sha256:73cc4d115b96f79c7d77c1c7f7a0a8d4c57860d1041df407dd1aae7f07a77fd7",
                "sha256:a6237df3c32ccfaee4fd201c8f5f9d9df619b93121d01353a64a73ce8c6ef9a8",
                "sha256:e718f2342e2e099b640a34ab782407b7b676f47ee272d6739e60b8ea23829f2c"
            ],
            "index": "pypi",
            "version": "==4.9.1"
        },
        "certifi": {
            "hashes": [
                "sha256:5930595817496dd21bb8dc35dad090f1c2cd0adfaf21204bf6732ca5d8ee34d3",
                "sha256:8fc0819f1f30ba15bdb34cceffb9ef04d99f420f68eb75d901e9560b8749fc41"
            ],
            "index": "pypi",
            "version": "==2020.6.20"
        },
        "chardet": {
            "hashes": [
                "sha256:84ab92ed1c4d4f16916e05906b6b75a6c0fb5db821cc65e70cbd64a3e2a5eaae",
                "sha256:fc323ffcaeaed0e0a02bf4d117757b98aed530d9ed4531e3e15460124c106691"
            ],
            "index": "pypi",
            "version": "==3.0.4"
        },
        "colorama": {
            "hashes": [
                "sha256:7d73d2a99753107a36ac6b455ee49046802e59d9d076ef8e47b61499fa29afff",
                "sha256:e96da0d330793e2cb9485e9ddfd918d456036c7149416295932478192f4436a1"
            ],
            "index": "pypi",
            "version": "==0.4.3"
        },
        "comtypes": {
            "hashes": [
                "sha256:c9d59f57d559613940f22da54d70add066faa23b4fa9b5cd95facdc501a63b0b"
            ],
            "index": "pypi",
            "version": "==1.1.7"
        },
        "distlib": {
            "hashes": [
                "sha256:8c09de2c67b3e7deef7184574fc060ab8a793e7adbb183d942c389c8b13c52fb",
                "sha256:edf6116872c863e1aa9d5bb7cb5e05a022c519a4594dc703843343a9ddd9bff1"
            ],
            "index": "pypi",
            "version": "==0.3.1"
        },
        "dj-database-url": {
            "hashes": [
                "sha256:4aeaeb1f573c74835b0686a2b46b85990571159ffc21aa57ecd4d1e1cb334163",
                "sha256:851785365761ebe4994a921b433062309eb882fedd318e1b0fcecc607ed02da9"
            ],
            "index": "pypi",
            "version": "==0.5.0"
        },
        "django": {
            "hashes": [
                "sha256:1a63f5bb6ff4d7c42f62a519edc2adbb37f9b78068a5a862beff858b68e3dc8b",
                "sha256:2d390268a13c655c97e0e2ede9d117007996db692c1bb93eabebd4fb7ea7012b"
            ],
            "index": "pypi",
            "version": "==3.1"
        },
        "django-crispy-forms": {
            "hashes": [
                "sha256:888bb316db89b60050a42ec35080facb361d823eec38010ccb0702f45642d3b8",
                "sha256:f2f1e0fbb458851636447cfb6be1a611b40c8ac9e41a74ba923011378670b43b"
            ],
            "index": "pypi",
            "version": "==1.9.2"
        },
        "django-heroku": {
            "hashes": [
                "sha256:2bc690aab89eedbe01311752320a9a12e7548e3b0ed102681acc5736a41a4762",
                "sha256:6af4bc3ae4a9b55eaad6dbe5164918982d2762661aebc9f83d9fa49f6009514e"
            ],
            "index": "pypi",
            "version": "==0.3.1"
        },
        "django-sequences": {
            "hashes": [
                "sha256:1617606c9289b9f4da5e7c23c1ef57c68888bd6b77fda6e7927522a11d0b3471",
                "sha256:2341d962ed35ef73755e1865dc9fee00fbde77d0200ed4057344793adcef29b6"
            ],
            "index": "pypi",
            "version": "==2.5"
        },
        "django-session-timeout": {
            "hashes": [
                "sha256:648fe4ffa762f3bb62ce7a9ed1bbba8e37648158d555f18a880471982941084c",
                "sha256:e01b2502d4b9995edb93be1a66f304d0314cecb4f671ddc26cb4525a07e56282"
            ],
            "index": "pypi",
            "version": "==0.1.0"
        },
        "docopt": {
            "hashes": [
                "sha256:49b3a825280bd66b3aa83585ef59c4a8c82f2c8a522dbe754a8bc8d08c85c491"
            ],
            "index": "pypi",
            "version": "==0.6.2"
        },
        "filelock": {
            "hashes": [
                "sha256:18d82244ee114f543149c66a6e0c14e9c4f8a1044b5cdaadd0f82159d6a6ff59",
                "sha256:929b7d63ec5b7d6b71b0fa5ac14e030b3f70b75747cef1b10da9b879fef15836"
            ],
            "index": "pypi",
            "version": "==3.0.12"
        },
        "future": {
            "hashes": [
                "sha256:b1bead90b70cf6ec3f0710ae53a525360fa360d306a86583adc6bf83a4db537d"
            ],
            "markers": "python_version >= '2.6' and python_version not in '3.0, 3.1, 3.2, 3.3'",
            "version": "==0.18.2"
        },
        "goto-statement": {
            "hashes": [
                "sha256:b087b365893da94745d5883b36eb42aa03fd204c479c333152a95ac24cc1321c",
                "sha256:e42e8c96dc24d5e8e2b1987c7c12335f73d0629852d121eac9e49bfa54514dce"
            ],
            "index": "pypi",
            "version": "==1.2"
        },
        "gunicorn": {
            "hashes": [
                "sha256:1904bb2b8a43658807108d59c3f3d56c2b6121a701161de0ddf9ad140073c626",
                "sha256:cd4a810dd51bf497552cf3f863b575dabd73d6ad6a91075b65936b151cbf4f9c"
            ],
            "index": "pypi",
            "version": "==20.0.4"
        },
        "heroku": {
            "hashes": [
                "sha256:cbeba42b628bc38504d49ace86b8c1729ab2156e530fb1823954988932c8f7fb"
            ],
            "index": "pypi",
            "version": "==0.1.4"
        },
        "html5lib": {
            "hashes": [
                "sha256:0d78f8fde1c230e99fe37986a60526d7049ed4bf8a9fadbad5f00e22e58e041d",
                "sha256:b2e5b40261e20f354d198eae92afc10d750afb487ed5e50f9c4eaf07c184146f"
            ],
            "markers": "python_version >= '2.7' and python_version not in '3.0, 3.1, 3.2, 3.3, 3.4'",
            "version": "==1.1"
        },
        "idna": {
            "hashes": [
                "sha256:b307872f855b18632ce0c21c5e45be78c0ea7ae4c15c828c20788b26921eb3f6",
                "sha256:b97d804b1e9b523befed77c48dacec60e6dcb0b5391d57af6a65a312a90648c0"
            ],
            "index": "pypi",
            "version": "==2.10"
        },
        "image": {
            "hashes": [
                "sha256:4e0f4926fd5abc6b7c66142798cb381b36d8f18f3b9a553930defe7f4991e43b"
            ],
            "index": "pypi",
            "version": "==1.5.32"
        },
        "imageio-ffmpeg": {
            "hashes": [
                "sha256:13b05b17a941a9f4a90b16910b1ffac159448cff051a153da8ba4b4343ffa195",
                "sha256:4aaa9cbd1e536143379ae474323d80f4c4a693fff0b023bab440ea5913db00ac",
                "sha256:596f9d1516972d9723c5bc6eb1849a29e3989a8cd20834b261a8c80fd9f8f6f5",
                "sha256:6ec658144ddfa0b25de5f82671729734a54cdf999ddd69a134999fe6a413f3e7",
                "sha256:8cd09469ae25d8a7083ee4033a43827aadacabebc47a87432222034d2c97e542"
            ],
            "index": "pypi",
            "version": "==0.4.2"
        },
        "isort": {
            "hashes": [
                "sha256:54da7e92468955c4fceacd0c86bd0ec997b0e1ee80d97f67c35a78b719dccab1",
                "sha256:6e811fcb295968434526407adb8796944f1988c5b65e8139058f2014cbe100fd"
            ],
            "index": "pypi",
            "version": "==4.3.21"
        },
        "js2py": {
            "hashes": [
                "sha256:7568b33f6bd15ee8ab1f3655928ed05481a6236ad2acca4598703ae501571661",
                "sha256:f78e76c88942585973129a0a10e7054b5ea1602d761d4c0ccfa0593bc819f0bb"
            ],
            "index": "pypi",
            "version": "==0.70"
        },
        "keyboard": {
            "hashes": [
                "sha256:63ed83305955939ca5c9a73755e5cc43e8242263f5ad5fd3bb7e0b032f3d308b",
                "sha256:8e9c2422f1217e0bd84489b9ecd361027cc78415828f4fe4f88dd4acd587947b"
            ],
            "index": "pypi",
            "version": "==0.13.5"
        },
        "lazy-object-proxy": {
            "hashes": [
                "sha256:0c4b206227a8097f05c4dbdd323c50edf81f15db3b8dc064d08c62d37e1a504d",
                "sha256:194d092e6f246b906e8f70884e620e459fc54db3259e60cf69a4d66c3fda3449",
                "sha256:1be7e4c9f96948003609aa6c974ae59830a6baecc5376c25c92d7d697e684c08",
                "sha256:4677f594e474c91da97f489fea5b7daa17b5517190899cf213697e48d3902f5a",
                "sha256:48dab84ebd4831077b150572aec802f303117c8cc5c871e182447281ebf3ac50",
                "sha256:5541cada25cd173702dbd99f8e22434105456314462326f06dba3e180f203dfd",
                "sha256:59f79fef100b09564bc2df42ea2d8d21a64fdcda64979c0fa3db7bdaabaf6239",
                "sha256:8d859b89baf8ef7f8bc6b00aa20316483d67f0b1cbf422f5b4dc56701c8f2ffb",
                "sha256:9254f4358b9b541e3441b007a0ea0764b9d056afdeafc1a5569eee1cc6c1b9ea",
                "sha256:9651375199045a358eb6741df3e02a651e0330be090b3bc79f6d0de31a80ec3e",
                "sha256:97bb5884f6f1cdce0099f86b907aa41c970c3c672ac8b9c8352789e103cf3156",
                "sha256:9b15f3f4c0f35727d3a0fba4b770b3c4ebbb1fa907dbcc046a1d2799f3edd142",
                "sha256:a2238e9d1bb71a56cd710611a1614d1194dc10a175c1e08d75e1a7bcc250d442",
                "sha256:a6ae12d08c0bf9909ce12385803a543bfe99b95fe01e752536a60af2b7797c62",
                "sha256:ca0a928a3ddbc5725be2dd1cf895ec0a254798915fb3a36af0964a0a4149e3db",
                "sha256:cb2c7c57005a6804ab66f106ceb8482da55f5314b7fcb06551db1edae4ad1531",
                "sha256:d74bb8693bf9cf75ac3b47a54d716bbb1a92648d5f781fc799347cfc95952383",
                "sha256:d945239a5639b3ff35b70a88c5f2f491913eb94871780ebfabb2568bd58afc5a",
                "sha256:eba7011090323c1dadf18b3b689845fd96a61ba0a1dfbd7f24b921398affc357",
                "sha256:efa1909120ce98bbb3777e8b6f92237f5d5c8ea6758efea36a473e1d38f7d3e4",
                "sha256:f3900e8a5de27447acbf900b4750b0ddfd7ec1ea7fbaf11dfa911141bc522af0"
            ],
            "index": "pypi",
            "version": "==1.4.3"
        },
        "mccabe": {
            "hashes": [
                "sha256:ab8a6258860da4b6677da4bd2fe5dc2c659cff31b3ee4f7f5d64e79735b80d42",
                "sha256:dd8d182285a0fe56bace7f45b5e7d1a6ebcbf524e8f3bd87eb0f125271b8831f"
            ],
            "index": "pypi",
            "version": "==0.6.1"
        },
        "mhyt": {
            "hashes": [
                "sha256:2c8ec03760a39202f8ed90ef9455d101a4f72b038aaecbe31816600dcc0cb19b"
            ],
            "index": "pypi",
            "version": "==0.7"
        },
        "mysql-connector-python": {
            "hashes": [
                "sha256:00403ae0099248cba6076eb5454c8012c33fc011164fcaccd68b78c9298e3574",
                "sha256:07f6dea4b48b6afdbc952431a76c5e6fc1fa02d57e324670d5c4d73c54a981ff",
                "sha256:0eecec5ab1a4ba03741bee5ec3cb02a8647470ba4a5c50a14c49425db2ec3590",
                "sha256:14275f55706e225be0f0044f15fb9a9146c3015d81e12292dbfe8c830de4ee55",
                "sha256:1ac799506b4fe5d44d31861c75299478125d855cbdc073de23a67bf3f468f265",
                "sha256:2a467b290c2256277fbe4ddf1630a75f21d2a887b4c7bfe9c4afde86dae49848",
                "sha256:322883e4850fa0064c9a60fcc11a8697cd691d9fa1b7e0a2c1b9eb673be1006a",
                "sha256:689245f055b81cfd5e2f19726e2ca7226022f685c5ec828a37e6c66d5a000281",
                "sha256:6a2f237ced3468a37abe240a787717271bf576413a9fb36ef6f049e39f3a5b29",
                "sha256:6e037712775209f2951da4be5be02720f18b7943b8a6f9a2a810e168c001af38",
                "sha256:7a2294bc4b49b15fb0381cf4718ebe002d4c01d15bfc3f7a37cc2e03260611a6",
                "sha256:7eef083bc90469d97b2f9ee1ec9a06c8332590bda80c7a6023c97678a19bc0ea",
                "sha256:83b8ca88bb99445cef7c0dca9c0e470c15fd72365a261dafa1da6f885bfb14fe",
                "sha256:86cfa8f05856db41394590b6d4d34d11e98f3550e7ef2a7add27a1a18c590968",
                "sha256:97950141f4d902d5ba8590c2be8da481654b07eca1da74c6b5d0b43849fd7e33",
                "sha256:995661221a686676920f6e2b34dd7ac77992449ae860677dfab7e95bce87deec",
                "sha256:a1cbd47a2ffa919f69df34e52d090ee97442ef9bb0e0ae56045bbf72f14be26e",
                "sha256:a6502199133fcefeb04ac91638a07b326ea3e7d8b8216da11eb2e763836eeee8",
                "sha256:cb8818260a5731b0617c1da6960dc947e06d408ddd7ff387e102403c9b7ed90e",
                "sha256:e10975b4adfedd269b30cd5dc3a6bd683b4f53345b7e97e35b7a7281b9062547",
                "sha256:e9e0054fb273301a369065b30077f51966630388ac21c370e941215b479772f3",
                "sha256:ebd5df00417a1047a19e02643bbe1c7735a870384e1f21d96c97d98045925890",
                "sha256:ecfa762cff5d3f7373494f74574df62fdd30f051e18bfe45bfa3d9713de5c759"
            ],
            "index": "pypi",
            "version": "==8.0.21"
        },
        "packaging": {
            "hashes": [
                "sha256:24e0da08660a87484d1602c30bb4902d74816b6985b93de36926f5bc95741858",
                "sha256:78598185a7008a470d64526a8059de9aaa449238f280fc9eb6b13ba6c4109093"
            ],
            "markers": "python_version >= '2.7' and python_version not in '3.0, 3.1, 3.2, 3.3'",
            "version": "==20.8"
        },
        "path": {
            "hashes": [
                "sha256:aedf5be64bcfe34dcc17b2bcf379e86f8f5e4d06588b3697e1bba4a1563794b4",
                "sha256:ed305ab0629859795863afdcd2ff8950af9c1d703527cb8b8aec3b6a425a80ba"
            ],
            "index": "pypi",
            "version": "==14.0.1"
        },
        "path.py": {
            "hashes": [
                "sha256:186428957fa535fbd1428f553fe9180cb62a8d1cc0979fdabda96d542cb31f79",
                "sha256:692feac9d1fe3b70239b2f0f07dcdbbdad38e3611846924de33ec6175d87638e"
            ],
            "index": "pypi",
            "version": "==7.7.1"
        },
        "pillow": {
            "hashes": [
                "sha256:0295442429645fa16d05bd567ef5cff178482439c9aad0411d3f0ce9b88b3a6f",
                "sha256:06aba4169e78c439d528fdeb34762c3b61a70813527a2c57f0540541e9f433a8",
                "sha256:09d7f9e64289cb40c2c8d7ad674b2ed6105f55dc3b09aa8e4918e20a0311e7ad",
                "sha256:0a80dd307a5d8440b0a08bd7b81617e04d870e40a3e46a32d9c246e54705e86f",
                "sha256:1ca594126d3c4def54babee699c055a913efb01e106c309fa6b04405d474d5ae",
                "sha256:25930fadde8019f374400f7986e8404c8b781ce519da27792cbe46eabec00c4d",
                "sha256:431b15cffbf949e89df2f7b48528be18b78bfa5177cb3036284a5508159492b5",
                "sha256:52125833b070791fcb5710fabc640fc1df07d087fc0c0f02d3661f76c23c5b8b",
                "sha256:5e51ee2b8114def244384eda1c82b10e307ad9778dac5c83fb0943775a653cd8",
                "sha256:612cfda94e9c8346f239bf1a4b082fdd5c8143cf82d685ba2dba76e7adeeb233",
                "sha256:6d7741e65835716ceea0fd13a7d0192961212fd59e741a46bbed7a473c634ed6",
                "sha256:6edb5446f44d901e8683ffb25ebdfc26988ee813da3bf91e12252b57ac163727",
                "sha256:725aa6cfc66ce2857d585f06e9519a1cc0ef6d13f186ff3447ab6dff0a09bc7f",
                "sha256:8dad18b69f710bf3a001d2bf3afab7c432785d94fcf819c16b5207b1cfd17d38",
                "sha256:94cf49723928eb6070a892cb39d6c156f7b5a2db4e8971cb958f7b6b104fb4c4",
                "sha256:97f9e7953a77d5a70f49b9a48da7776dc51e9b738151b22dacf101641594a626",
                "sha256:9ad7f865eebde135d526bb3163d0b23ffff365cf87e767c649550964ad72785d",
                "sha256:9c87ef410a58dd54b92424ffd7e28fd2ec65d2f7fc02b76f5e9b2067e355ebf6",
                "sha256:a060cf8aa332052df2158e5a119303965be92c3da6f2d93b6878f0ebca80b2f6",
                "sha256:c79f9c5fb846285f943aafeafda3358992d64f0ef58566e23484132ecd8d7d63",
                "sha256:c92302a33138409e8f1ad16731568c55c9053eee71bb05b6b744067e1b62380f",
                "sha256:d08b23fdb388c0715990cbc06866db554e1822c4bdcf6d4166cf30ac82df8c41",
                "sha256:d350f0f2c2421e65fbc62690f26b59b0bcda1b614beb318c81e38647e0f673a1",
                "sha256:e901964262a56d9ea3c2693df68bc9860b8bdda2b04768821e4c44ae797de117",
                "sha256:ec29604081f10f16a7aea809ad42e27764188fc258b02259a03a8ff7ded3808d",
                "sha256:edf31f1150778abd4322444c393ab9c7bd2af271dd4dafb4208fb613b1f3cdc9",
                "sha256:f7e30c27477dffc3e85c2463b3e649f751789e0f6c8456099eea7ddd53be4a8a",
                "sha256:ffe538682dc19cc542ae7c3e504fdf54ca7f86fb8a135e59dd6bc8627eae6cce"
            ],
            "index": "pypi",
            "version": "==7.2.0"
        },
        "pipwin": {
            "hashes": [
                "sha256:cc89ba7735fb7b6770f21159165f2e120fbf04f57b70c120f8b96a57be0effc4",
                "sha256:d167412ca63381501472a3e442ddef772f0204a2baa0ab06d1faff0f2cffe211"
            ],
            "index": "pypi",
            "version": "==0.5.0"
        },
        "playsound": {
            "hashes": [
                "sha256:1e83750a5325cbccee03d6e751ba3e78c037ac95b95a3ba1f38d0c5aca9e1a34"
            ],
            "index": "pypi",
            "version": "==1.2.2"
        },
        "protobuf": {
            "hashes": [
                "sha256:304e08440c4a41a0f3592d2a38934aad6919d692bb0edfb355548786728f9a5e",
                "sha256:49ef8ab4c27812a89a76fa894fe7a08f42f2147078392c0dee51d4a444ef6df5",
                "sha256:50b5fee674878b14baea73b4568dc478c46a31dd50157a5b5d2f71138243b1a9",
                "sha256:5524c7020eb1fb7319472cb75c4c3206ef18b34d6034d2ee420a60f99cddeb07",
                "sha256:612bc97e42b22af10ba25e4140963fbaa4c5181487d163f4eb55b0b15b3dfcd2",
                "sha256:6f349adabf1c004aba53f7b4633459f8ca8a09654bf7e69b509c95a454755776",
                "sha256:85b94d2653b0fdf6d879e39d51018bf5ccd86c81c04e18a98e9888694b98226f",
                "sha256:87535dc2d2ef007b9d44e309d2b8ea27a03d2fa09556a72364d706fcb7090828",
                "sha256:a7ab28a8f1f043c58d157bceb64f80e4d2f7f1b934bc7ff5e7f7a55a337ea8b0",
                "sha256:a96f8fc625e9ff568838e556f6f6ae8eca8b4837cdfb3f90efcb7c00e342a2eb",
                "sha256:b5a114ea9b7fc90c2cc4867a866512672a47f66b154c6d7ee7e48ddb68b68122",
                "sha256:be04fe14ceed7f8641e30f36077c1a654ff6f17d0c7a5283b699d057d150d82a",
                "sha256:bff02030bab8b969f4de597543e55bd05e968567acb25c0a87495a31eb09e925",
                "sha256:c9ca9f76805e5a637605f171f6c4772fc4a81eced4e2f708f79c75166a2c99ea",
                "sha256:e1464a4a2cf12f58f662c8e6421772c07947266293fb701cb39cd9c1e183f63c",
                "sha256:e72736dd822748b0721f41f9aaaf6a5b6d5cfc78f6c8690263aef8bba4457f0e",
                "sha256:eafe9fa19fcefef424ee089fb01ac7177ff3691af7cc2ae8791ae523eb6ca907",
                "sha256:f4b73736108a416c76c17a8a09bc73af3d91edaa26c682aaa460ef91a47168d3"
            ],
            "index": "pypi",
            "version": "==3.12.2"
        },
        "psycopg2": {
            "hashes": [
                "sha256:132efc7ee46a763e68a815f4d26223d9c679953cd190f1f218187cb60decf535",
                "sha256:2327bf42c1744a434ed8ed0bbaa9168cac7ee5a22a9001f6fc85c33b8a4a14b7",
                "sha256:27c633f2d5db0fc27b51f1b08f410715b59fa3802987aec91aeb8f562724e95c",
                "sha256:2c0afb40cfb4d53487ee2ebe128649028c9a78d2476d14a67781e45dc287f080",
                "sha256:2df2bf1b87305bd95eb3ac666ee1f00a9c83d10927b8144e8e39644218f4cf81",
                "sha256:440a3ea2c955e89321a138eb7582aa1d22fe286c7d65e26a2c5411af0a88ae72",
                "sha256:6a471d4d2a6f14c97a882e8d3124869bc623f3df6177eefe02994ea41fd45b52",
                "sha256:6b306dae53ec7f4f67a10942cf8ac85de930ea90e9903e2df4001f69b7833f7e",
                "sha256:a0984ff49e176062fcdc8a5a2a670c9bb1704a2f69548bce8f8a7bad41c661bf",
                "sha256:ac5b23d0199c012ad91ed1bbb971b7666da651c6371529b1be8cbe2a7bf3c3a9",
                "sha256:acf56d564e443e3dea152efe972b1434058244298a94348fc518d6dd6a9fb0bb",
                "sha256:d3b29d717d39d3580efd760a9a46a7418408acebbb784717c90d708c9ed5f055",
                "sha256:f7d46240f7a1ae1dd95aab38bd74f7428d46531f69219954266d669da60c0818"
            ],
            "index": "pypi",
            "version": "==2.8.5"
        },
        "psycopg2-binary": {
            "hashes": [
                "sha256:008da3ab51adc70a5f1cfbbe5db3a22607ab030eb44bcecf517ad11a0c2b3cac",
                "sha256:07cf82c870ec2d2ce94d18e70c13323c89f2f2a2628cbf1feee700630be2519a",
                "sha256:08507efbe532029adee21b8d4c999170a83760d38249936038bd0602327029b5",
                "sha256:107d9be3b614e52a192719c6bf32e8813030020ea1d1215daa86ded9a24d8b04",
                "sha256:17a0ea0b0eabf07035e5e0d520dabc7950aeb15a17c6d36128ba99b2721b25b1",
                "sha256:3286541b9d85a340ee4ed42732d15fc1bb441dc500c97243a768154ab8505bb5",
                "sha256:3939cf75fc89c5e9ed836e228c4a63604dff95ad19aed2bbf71d5d04c15ed5ce",
                "sha256:40abc319f7f26c042a11658bf3dd3b0b3bceccf883ec1c565d5c909a90204434",
                "sha256:51f7823f1b087d2020d8e8c9e6687473d3d239ba9afc162d9b2ab6e80b53f9f9",
                "sha256:6bb2dd006a46a4a4ce95201f836194eb6a1e863f69ee5bab506673e0ca767057",
                "sha256:702f09d8f77dc4794651f650828791af82f7c2efd8c91ae79e3d9fe4bb7d4c98",
                "sha256:7036ccf715925251fac969f4da9ad37e4b7e211b1e920860148a10c0de963522",
                "sha256:7b832d76cc65c092abd9505cc670c4e3421fd136fb6ea5b94efbe4c146572505",
                "sha256:8f74e631b67482d504d7e9cf364071fc5d54c28e79a093ff402d5f8f81e23bfa",
                "sha256:930315ac53dc65cbf52ab6b6d27422611f5fb461d763c531db229c7e1af6c0b3",
                "sha256:96d3038f5bd061401996614f65d27a4ecb62d843eb4f48e212e6d129171a721f",
                "sha256:a20299ee0ea2f9cca494396ac472d6e636745652a64a418b39522c120fd0a0a4",
                "sha256:a34826d6465c2e2bbe9d0605f944f19d2480589f89863ed5f091943be27c9de4",
                "sha256:a69970ee896e21db4c57e398646af9edc71c003bc52a3cc77fb150240fefd266",
                "sha256:b9a8b391c2b0321e0cd7ec6b4cfcc3dd6349347bd1207d48bcb752aa6c553a66",
                "sha256:ba13346ff6d3eb2dca0b6fa0d8a9d999eff3dcd9b55f3a890f12b0b6362b2b38",
                "sha256:bb0608694a91db1e230b4a314e8ed00ad07ed0c518f9a69b83af2717e31291a3",
                "sha256:c8830b7d5f16fd79d39b21e3d94f247219036b29b30c8270314c46bf8b732389",
                "sha256:cac918cd7c4c498a60f5d2a61d4f0a6091c2c9490d81bc805c963444032d0dab",
                "sha256:cc30cb900f42c8a246e2cb76539d9726f407330bc244ca7729c41a44e8d807fb",
                "sha256:ccdc6a87f32b491129ada4b87a43b1895cf2c20fdb7f98ad979647506ffc41b6",
                "sha256:d1a8b01f6a964fec702d6b6dac1f91f2b9f9fe41b310cbb16c7ef1fac82df06d",
                "sha256:e004db88e5a75e5fdab1620fb9f90c9598c2a195a594225ac4ed2a6f1c23e162",
                "sha256:eb2f43ae3037f1ef5e19339c41cf56947021ac892f668765cd65f8ab9814192e",
                "sha256:fa466306fcf6b39b8a61d003123d442b23707d635a5cb05ac4e1b62cc79105cd"
            ],
            "index": "pypi",
            "version": "==2.8.5"
        },
        "pycodestyle": {
            "hashes": [
                "sha256:95a2219d12372f05704562a14ec30bc76b05a5b297b21a5dfe3f6fac3491ae56",
                "sha256:e40a936c9a450ad81df37f549d676d127b1b66000a6c500caa2b085bc0ca976c"
            ],
            "index": "pypi",
            "version": "==2.5.0"
        },
        "pyjsparser": {
            "hashes": [
                "sha256:2b12842df98d83f65934e0772fa4a5d8b123b3bc79f1af1789172ac70265dd21",
                "sha256:be60da6b778cc5a5296a69d8e7d614f1f870faf94e1b1b6ac591f2ad5d729579"
            ],
            "index": "pypi",
            "version": "==2.7.1"
        },
        "pylint": {
            "hashes": [
                "sha256:3db5468ad013380e987410a8d6956226963aed94ecb5f9d3a28acca6d9ac36cd",
                "sha256:886e6afc935ea2590b462664b161ca9a5e40168ea99e5300935f6591ad467df4"
            ],
            "index": "pypi",
            "version": "==2.4.4"
        },
        "pyparsing": {
            "hashes": [
                "sha256:c203ec8783bf771a155b207279b9bccb8dea02d8f0c9e5f8ead507bc3246ecc1",
                "sha256:ef9d7589ef3c200abe66653d3f1ab1033c3c419ae9b9bdb1240a85b024efc88b"
            ],
            "index": "pypi",
            "version": "==2.4.7"
        },
        "pypdf2": {
            "hashes": [
                "sha256:e28f902f2f0a1603ea95ebe21dff311ef09be3d0f0ef29a3e44a932729564385"
            ],
            "version": "==1.26.0"
        },
        "pyprind": {
            "hashes": [
                "sha256:20b64d7a6ff3039e1563e41b0658fd57a4499328419f6178899c83396c985c10",
                "sha256:c46cab453b805852853dfe29fd933aa88a2a516153909c695b098e9161a9e675"
            ],
            "index": "pypi",
            "version": "==2.11.2"
        },
        "pyqrcode": {
            "hashes": [
                "sha256:1b2812775fa6ff5c527977c4cd2ccb07051ca7d0bc0aecf937a43864abe5eff6",
                "sha256:fdbf7634733e56b72e27f9bce46e4550b75a3a2c420414035cae9d9d26b234d5"
            ],
            "index": "pypi",
            "version": "==1.2.1"
        },
        "pysmartdl": {
            "hashes": [
                "sha256:7cf106f8aae69c322aa99b8d9a8174e6bb4df0bd9f6425843cb077e8fe8348a3",
                "sha256:b4f539301c7dca991dd7722427f51b6afa0aa605493bfaee8615cb242e3d6aa6"
            ],
            "index": "pypi",
            "version": "==1.3.3"
        },
        "python-bidi": {
            "hashes": [
                "sha256:50eef6f6a0bbdd685f9e8c207f3c9050f5b578d0a46e37c76a9c4baea2cc2e13",
                "sha256:5347f71e82b3e9976dc657f09ded2bfe39ba8d6777ca81a5b2c56c30121c496e"
            ],
            "version": "==0.4.2"
        },
        "python-dateutil": {
            "hashes": [
                "sha256:6f197348b46fb8cdf9f3fcfc2a7d5a97da95db3e2e8667cf657216274fe1b009"
            ],
            "index": "pypi",
            "version": "==1.5"
        },
        "pytz": {
            "hashes": [
                "sha256:16962c5fb8db4a8f63a26646d8886e9d769b6c511543557bc84e9569fb9a9cb4",
                "sha256:180befebb1927b16f6b57101720075a984c019ac16b1b7575673bea42c6c3da5"
            ],
            "version": "==2020.5"
        },
        "qrcode": {
            "hashes": [
                "sha256:3996ee560fc39532910603704c82980ff6d4d5d629f9c3f25f34174ce8606cf5",
                "sha256:505253854f607f2abf4d16092c61d4e9d511a3b4392e60bff957a68592b04369"
            ],
            "index": "pypi",
            "version": "==6.1"
        },
        "reportlab": {
            "hashes": [
                "sha256:009fa61710647cdc62eb373345248d8ebb93583a058990f7c4f9be46d90aa5b1",
                "sha256:04a08d284da86882ec3a41a7c719833362ef891b09ee8e2fbb47cee352aa684a",
                "sha256:07bff6742fba612da8d1b1f783c436338c6fdc6962828159827d5ca7d2b67935",
                "sha256:09fb11ab1500e679fc1b01199d2fed24435499856e75043a9ac0d31dd48fd881",
                "sha256:18a876449c9000c391dd3415ebc8454cd7bb9e488977b894886a2d7d018f16cd",
                "sha256:18eec161411026dde49767bee4e5e8eeb8014879554811a62581dc7433628d5b",
                "sha256:19353aead39fc115a4d6c598d6fb9fa26da7e69160a0443ebb49b02903e704e8",
                "sha256:1b85c20e89c22ae902ca973df2afdd2d64d27dc4ffd2b29ebad8c805a213756b",
                "sha256:1da3d7a35f918cee905facfa94bd00ae6091cadc06dca1b0b31b69ae02d41d1d",
                "sha256:33f3cfdc492575f8af3225701301a7e62fc478358729820c9e0091aff5831378",
                "sha256:3b0026c1129147befd4e5a8cf25da8dea1096fce371e7b2412e36d7254019c06",
                "sha256:3d7713dddaa8081ed709a1fa2456a43f6a74b0f07d605da8441fd53fef334f69",
                "sha256:3e2b4d69763103b9dc9b54c0952dc3cee05cedd06e28c0987fad7f84705b12c0",
                "sha256:4ca5233a19a5ceca23546290f43addec2345789c7d65bb32f8b2668aa148351f",
                "sha256:5214a289cf01ebbd65e49bae83709671dd9edb601891cf0ae8abf85f3c0b392f",
                "sha256:52f8237654acbc78ea2fa6fb4a6a06e5b023b6da93f7889adfe2deba09473fad",
                "sha256:5ed00894e0f8281c0b7c0494b4d3067c641fd90c8e5cf933089ec4cc9a48e491",
                "sha256:6191961533d49c9d860964d42bada4d7ac3bb28502d984feb8034093f2012fa8",
                "sha256:6f3ad2b1afe99c436563cd436d8693d4a12e2c4bd45f70c7705759ff7837fe53",
                "sha256:739b743b7ca1ba4b4d64c321de6fccb49b562d0507ea06c817d9cc4faed5cd22",
                "sha256:792efba0c0c6e4ee94f6dc95f305451733ee9230a1c7d51cb8e5301a549e0dfb",
                "sha256:79d63ca40231ca3860859b39a92daa5219035ba9553da89a5e1b218550744121",
                "sha256:83b28104edd58ad65748d2d0e60e0d97e3b91b3e90b4573ea6fe60de6811972c",
                "sha256:85650446538cd2f606ca234634142a7ccd74cb6db7cfec250f76a4242e0f2431",
                "sha256:9da445cb79e3f740756924c053edc952cde11a65ff5af8acfda3c0a1317136ef",
                "sha256:9fabd5fbd24f5971085ffe53150d663f158f7d3050b25c95736e29ebf676d454",
                "sha256:a0c377bc45e73c3f15f55d7de69fab270d174749d5b454ab0de502b15430ec2a",
                "sha256:a1d3f7022a920d4a5e165d264581f1862e1c1b877ceeabb96fe98cec98125ae5",
                "sha256:a315edef5c5610b0c75790142f49487e89ea34397fc247ae8aa890fe6d6dd057",
                "sha256:a755cca2dcf023130b03bb671670301a992157d5c3151d838c0b68ef89894536",
                "sha256:b1b20208ecdfffd7ca027955c4fe8972b28b30a4b3b80cf25099a08d3b20ed7c",
                "sha256:b26d6f416891cef93411d6d478a25db275766081a5fb66368248293ef459f3be",
                "sha256:b4ba4c30af7044ee987e61c88a5ffb76031ca0c53666bc85d823b7de55ddbc75",
                "sha256:b71faf3b6e4d7058e1af1b8afedaf39a962db4a219affc8177009d8244ec10d4",
                "sha256:cfa854bea525f8c913cb77e2bda724d94b965a0eb3bcfc4a645a9baa29bb86e2",
                "sha256:dd9687359e466086b9f6fe6d8069034017f8b6ca3080944fae5709767ca6814e",
                "sha256:de0c675fc2998a7eaa929c356ba49c84f53a892e9ab25e8ee7d8ebbbdcb2ac16",
                "sha256:e2b4e33fea2ce9d3a14ea39191b169e41eb2ac995274f54ac8fd27519974bce8",
                "sha256:f3d4a1a273dc141e03b72a553c11bc14dd7a27ec7654a071edcf83eb04f004bc",
                "sha256:ff547cf4c1de7e104cad1a378431ff81efcb03e90e40871ee686107da5b91442"
            ],
            "version": "==3.5.59"
        },
        "requests": {
            "hashes": [
                "sha256:b3559a131db72c33ee969480840fff4bb6dd111de7dd27c8ee1f820f4f00231b",
                "sha256:fe75cc94a9443b9246fc7049224f75604b113c36acb93f87b80ed42c44cbb898"
            ],
            "index": "pypi",
            "version": "==2.24.0"
        },
        "six": {
            "hashes": [
                "sha256:236bdbdce46e6e6a3d61a337c0f8b763ca1e8717c03b369e87a7ec7ce1319c0a",
                "sha256:8f3cd2e254d8f793e7f3d6d9df77b92252b52637291d0f0da013c76ea2724b6c"
            ],
            "index": "pypi",
            "version": "==1.14.0"
        },
        "soupsieve": {
            "hashes": [
                "sha256:1634eea42ab371d3d346309b93df7870a88610f0725d47528be902a0d95ecc55",
                "sha256:a59dc181727e95d25f781f0eb4fd1825ff45590ec8ff49eadfd7f1a537cc0232"
            ],
            "index": "pypi",
            "version": "==2.0.1"
        },
        "sqlparse": {
            "hashes": [
                "sha256:022fb9c87b524d1f7862b3037e541f68597a730a8843245c349fc93e1643dc4e",
                "sha256:e162203737712307dfe78860cc56c8da8a852ab2ee33750e33aeadf38d12c548"
            ],
            "index": "pypi",
            "version": "==0.3.1"
        },
        "typing-extensions": {
            "hashes": [
                "sha256:6e95524d8a547a91e08f404ae485bbb71962de46967e1b71a0cb89af24e761c5",
                "sha256:79ee589a3caca649a9bfd2a8de4709837400dfa00b6cc81962a1e6a1815969ae",
                "sha256:f8d2bd89d25bc39dabe7d23df520442fa1d8969b82544370e03d88b5a591c392"
            ],
            "index": "pypi",
            "version": "==3.7.4.2"
        },
        "tzlocal": {
            "hashes": [
                "sha256:643c97c5294aedc737780a49d9df30889321cbe1204eac2c2ec6134035a92e44",
                "sha256:e2cb6c6b5b604af38597403e9852872d7f534962ae2954c7f35efcb1ccacf4a4"
            ],
            "index": "pypi",
            "version": "==2.1"
        },
        "urllib3": {
            "hashes": [
                "sha256:3018294ebefce6572a474f0604c2021e33b3fd8006ecd11d62107a5d2a963527",
                "sha256:88206b0eb87e6d677d424843ac5209e3fb9d0190d0ee169599165ec25e9d9115"
            ],
            "index": "pypi",
            "version": "==1.25.9"
        },
        "virtualenv": {
            "hashes": [
                "sha256:7b54fd606a1b85f83de49ad8d80dbec08e983a2d2f96685045b262ebc7481ee5",
                "sha256:8cd7b2a4850b003a11be2fc213e206419efab41115cc14bca20e69654f2ac08e"
            ],
            "index": "pypi",
            "version": "==20.0.30"
        },
        "virtualenvwrapper-win": {
            "hashes": [
                "sha256:45667aa1468f2b6ee52e837f309d5c92a4388d7bd8eb64770c8990ad5a1dc138",
                "sha256:bdd445573b35d0a7e4f6a5fbc52a78cb48cc7abcd934cc3ac875b275dfe98eb4"
            ],
            "index": "pypi",
            "version": "==1.2.6"
        },
        "webencodings": {
            "hashes": [
                "sha256:a0af1213f3c2226497a97e2b3aa01a7e4bee4f403f95be16fc9acd2947514a78",
                "sha256:b36a1c245f2d304965eb4e0a82848379241dc04b865afcc4aab16748587e1923"
            ],
            "version": "==0.5.1"
        },
        "whitenoise": {
            "hashes": [
                "sha256:05ce0be39ad85740a78750c86a93485c40f08ad8c62a6006de0233765996e5c7",
                "sha256:05d00198c777028d72d8b0bbd234db605ef6d60e9410125124002518a48e515d"
            ],
            "index": "pypi",
            "version": "==5.2.0"
        },
        "wrapt": {
            "hashes": [
                "sha256:565a021fd19419476b9362b05eeaa094178de64f8361e44468f9e9d7843901e1"
            ],
            "index": "pypi",
            "version": "==1.11.2"
        },
        "xhtml2pdf": {
            "hashes": [
                "sha256:6797e974fac66f0efbe927c1539a2756ca4fe8777eaa5882bac132fc76b39421"
            ],
            "index": "pypi",
            "version": "==0.2.5"
        },
        "youtube-dl": {
            "hashes": [
                "sha256:19d8529f1275dfa6726f0cf144fe2da1f5800e3c1ef1b3a963c2e183262955d1",
                "sha256:1a216c0172b145e7231e8f87f66dc914dce996f993920857b77996fa04e6290c"
            ],
            "version": "==2021.1.8"
        }
    },
    "develop": {}
}
